
Microsoft Visual Studio Solution File, Format Version 12.00
# Visual Studio Version 17
VisualStudioVersion = 17.1.32421.90
MinimumVisualStudioVersion = 10.0.40219.1
Project("{FAE04EC0-301F-11D3-BF4B-00C04F79EFBC}") = "SubC.VXG", "SubC.VXG\SubC.VXG.csproj", "{4C03AF90-973B-4D60-AAEA-3FD0FFEFD1CE}"
EndProject
Project("{FAE04EC0-301F-11D3-BF4B-00C04F79EFBC}") = "SubCStreaming", "SubCStreaming\SubCStreaming.csproj", "{018C60EF-B02F-47B0-9E5E-C367FC8099F4}"
EndProject
Project("{2150E333-8FDC-42A3-9474-1A3956D46DE8}") = "Solution Items", "Solution Items", "{49063B67-0F9B-43D1-9E80-DF96DFBCD034}"
	ProjectSection(SolutionItems) = preProject
		.editorconfig = .editorconfig
	EndProjectSection
EndProject
Global
	GlobalSection(SolutionConfigurationPlatforms) = preSolution
		Debug|Any CPU = Debug|Any CPU
		Release|Any CPU = Release|Any CPU
	EndGlobalSection
	GlobalSection(ProjectConfigurationPlatforms) = postSolution
		{4C03AF90-973B-4D60-AAEA-3FD0FFEFD1CE}.Debug|Any CPU.ActiveCfg = Debug|Any CPU
		{4C03AF90-973B-4D60-AAEA-3FD0FFEFD1CE}.Debug|Any CPU.Build.0 = Debug|Any CPU
		{4C03AF90-973B-4D60-AAEA-3FD0FFEFD1CE}.Debug|Any CPU.Deploy.0 = Debug|Any CPU
		{4C03AF90-973B-4D60-AAEA-3FD0FFEFD1CE}.Release|Any CPU.ActiveCfg = Release|Any CPU
		{4C03AF90-973B-4D60-AAEA-3FD0FFEFD1CE}.Release|Any CPU.Build.0 = Release|Any CPU
		{4C03AF90-973B-4D60-AAEA-3FD0FFEFD1CE}.Release|Any CPU.Deploy.0 = Release|Any CPU
		{018C60EF-B02F-47B0-9E5E-C367FC8099F4}.Debug|Any CPU.ActiveCfg = Release|Any CPU
		{018C60EF-B02F-47B0-9E5E-C367FC8099F4}.Debug|Any CPU.Build.0 = Release|Any CPU
		{018C60EF-B02F-47B0-9E5E-C367FC8099F4}.Release|Any CPU.ActiveCfg = Debug|Any CPU
		{018C60EF-B02F-47B0-9E5E-C367FC8099F4}.Release|Any CPU.Build.0 = Debug|Any CPU
	EndGlobalSection
	GlobalSection(SolutionProperties) = preSolution
		HideSolutionNode = FALSE
	EndGlobalSection
	GlobalSection(ExtensibilityGlobals) = postSolution
		SolutionGuid = {23D25947-8955-4301-9EC9-F69626862B7C}
	EndGlobalSection
EndGlobal
